
Microsoft Visual Studio Solution File, Format Version 12.00
# Visual Studio Version 17
VisualStudioVersion = 17.9.34723.18
MinimumVisualStudioVersion = 10.0.40219.1
Project("{9A19103F-16F7-4668-BE54-9A1E7A4F7556}") = "BackendAPIProject", "BackendAPIProject\BackendAPIProject.csproj", "{59A657E6-578E-4E8E-AD41-C69ECEAD410E}"
EndProject
Global
	GlobalSection(SolutionConfigurationPlatforms) = preSolution
		Debug|Any CPU = Debug|Any CPU
		Release|Any CPU = Release|Any CPU
	EndGlobalSection
	GlobalSection(ProjectConfigurationPlatforms) = postSolution
		{59A657E6-578E-4E8E-AD41-C69ECEAD410E}.Debug|Any CPU.ActiveCfg = Debug|Any CPU
		{59A657E6-578E-4E8E-AD41-C69ECEAD410E}.Debug|Any CPU.Build.0 = Debug|Any CPU
		{59A657E6-578E-4E8E-AD41-C69ECEAD410E}.Release|Any CPU.ActiveCfg = Release|Any CPU
		{59A657E6-578E-4E8E-AD41-C69ECEAD410E}.Release|Any CPU.Build.0 = Release|Any CPU
	EndGlobalSection
	GlobalSection(SolutionProperties) = preSolution
		HideSolutionNode = FALSE
	EndGlobalSection
	GlobalSection(ExtensibilityGlobals) = postSolution
		SolutionGuid = {5C871A91-FAF1-4719-85FB-D4F8322626D6}
	EndGlobalSection
EndGlobal
